
Microsoft Visual Studio Solution File, Format Version 12.00
# Visual Studio Version 17
VisualStudioVersion = 17.3.32922.545
MinimumVisualStudioVersion = 10.0.40219.1
Project("{FAE04EC0-301F-11D3-BF4B-00C04F79EFBC}") = "InClass-Exceptions", "InClass-Exceptions\InClass-Exceptions.csproj", "{B516A68D-5473-4991-9512-CC02746F508E}"
EndProject
Global
	GlobalSection(SolutionConfigurationPlatforms) = preSolution
		Debug|Any CPU = Debug|Any CPU
		Release|Any CPU = Release|Any CPU
	EndGlobalSection
	GlobalSection(ProjectConfigurationPlatforms) = postSolution
		{B516A68D-5473-4991-9512-CC02746F508E}.Debug|Any CPU.ActiveCfg = Debug|Any CPU
		{B516A68D-5473-4991-9512-CC02746F508E}.Debug|Any CPU.Build.0 = Debug|Any CPU
		{B516A68D-5473-4991-9512-CC02746F508E}.Release|Any CPU.ActiveCfg = Release|Any CPU
		{B516A68D-5473-4991-9512-CC02746F508E}.Release|Any CPU.Build.0 = Release|Any CPU
	EndGlobalSection
	GlobalSection(SolutionProperties) = preSolution
		HideSolutionNode = FALSE
	EndGlobalSection
	GlobalSection(ExtensibilityGlobals) = postSolution
		SolutionGuid = {C2796A00-5C52-4600-8E2D-4F70A5ADA36B}
	EndGlobalSection
EndGlobal
